
Microsoft Visual Studio Solution File, Format Version 12.00
# Visual Studio Version 17
VisualStudioVersion = 17.0.31903.59
MinimumVisualStudioVersion = 10.0.40219.1
Project("{FAE04EC0-301F-11D3-BF4B-00C04F79EFBC}") = "Ecommerce", "Ecommerce\Ecommerce.csproj", "{134DD947-5D54-4C62-B1F2-24A1078553CD}"
EndProject
Project("{FAE04EC0-301F-11D3-BF4B-00C04F79EFBC}") = "Ecommerce.Repository", "Ecommerce.Repository\Ecommerce.Repository.csproj", "{395D5D43-3938-44D5-9DEE-FB004A4C9767}"
EndProject
Global
	GlobalSection(SolutionConfigurationPlatforms) = preSolution
		Debug|Any CPU = Debug|Any CPU
		Release|Any CPU = Release|Any CPU
	EndGlobalSection
	GlobalSection(SolutionProperties) = preSolution
		HideSolutionNode = FALSE
	EndGlobalSection
	GlobalSection(ProjectConfigurationPlatforms) = postSolution
		{134DD947-5D54-4C62-B1F2-24A1078553CD}.Debug|Any CPU.ActiveCfg = Debug|Any CPU
		{134DD947-5D54-4C62-B1F2-24A1078553CD}.Debug|Any CPU.Build.0 = Debug|Any CPU
		{134DD947-5D54-4C62-B1F2-24A1078553CD}.Release|Any CPU.ActiveCfg = Release|Any CPU
		{134DD947-5D54-4C62-B1F2-24A1078553CD}.Release|Any CPU.Build.0 = Release|Any CPU
		{395D5D43-3938-44D5-9DEE-FB004A4C9767}.Debug|Any CPU.ActiveCfg = Debug|Any CPU
		{395D5D43-3938-44D5-9DEE-FB004A4C9767}.Debug|Any CPU.Build.0 = Debug|Any CPU
		{395D5D43-3938-44D5-9DEE-FB004A4C9767}.Release|Any CPU.ActiveCfg = Release|Any CPU
		{395D5D43-3938-44D5-9DEE-FB004A4C9767}.Release|Any CPU.Build.0 = Release|Any CPU
	EndGlobalSection
EndGlobal
